{
  "requires": true,
  "lockfileVersion": 1,
  "dependencies": {
    "ngx-cookie-service": {
      "version": "12.0.0",
      "resolved": "https://registry.npmjs.org/ngx-cookie-service/-/ngx-cookie-service-12.0.0.tgz",
      "integrity": "sha512-/Pklpn8Ul0P016Dc5isEU8AnTT3CI6Zz1JhrW1uH/3oJbfW7MGTtJAgAv1Rk92rfe+kNTDh+O+yj0xmr1Mt/tA==",
      "requires": {
        "tslib": "^2.0.0"
      }
    },
    "tslib": {
      "version": "2.3.0",
      "resolved": "https://registry.npmjs.org/tslib/-/tslib-2.3.0.tgz",
      "integrity": "sha512-N82ooyxVNm6h1riLCoyS9e3fuJ3AMG2zIZs2Gd1ATcSFjSA23Q0fzjjZeh0jbJvWVDZ0cJT8yaNNaaXHzueNjg=="
    }
  }
}
